{
  "name": "node-exiftool-ts",
  "version": "3.0.0",
  "lockfileVersion": 1,
  "requires": true,
  "dependencies": {
    "catchment": {
      "version": "1.0.0",
      "resolved": "https://registry.npmjs.org/catchment/-/catchment-1.0.0.tgz",
      "integrity": "sha1-MGH3G+AQJxC+hDKNL5Q2OhZfjEs="
    },
    "clean-stack": {
      "version": "1.0.0",
      "resolved": "https://registry.npmjs.org/clean-stack/-/clean-stack-1.0.0.tgz",
      "integrity": "sha1-/iP1V7V9tFGr3n801moc6VClAZQ=",
      "dev": true
    },
    "connected-domain": {
      "version": "1.0.0",
      "resolved": "https://registry.npmjs.org/connected-domain/-/connected-domain-1.0.0.tgz",
      "integrity": "sha1-v+dyOMdL5FOnnwy2BY3utPI1jpM=",
      "dev": true
    },
    "cross-env": {
      "version": "5.0.0",
      "resolved": "https://registry.npmjs.org/cross-env/-/cross-env-5.0.0.tgz",
      "integrity": "sha1-VlzK5NCWdkQaUIf0Bv52YaKckxs=",
      "dev": true,
      "requires": {
        "cross-spawn": "^5.1.0",
        "is-windows": "^1.0.0"
      }
    },
    "cross-spawn": {
      "version": "5.1.0",
      "resolved": "https://registry.npmjs.org/cross-spawn/-/cross-spawn-5.1.0.tgz",
      "integrity": "sha1-6L0O/uWPz/b4+UUQoKVUu/ojVEk=",
      "dev": true,
      "requires": {
        "lru-cache": "^4.0.1",
        "shebang-command": "^1.2.0",
        "which": "^1.2.9"
      }
    },
    "dist-exiftool": {
      "version": "10.53.0",
      "resolved": "https://registry.npmjs.org/dist-exiftool/-/dist-exiftool-10.53.0.tgz",
      "integrity": "sha1-i9F7rB5D3qzYHZrazQ8eJMaQEA8=",
      "dev": true,
      "requires": {
        "exiftool.exe": "10.53",
        "exiftool.pl": "^10.53.0",
        "platform-dependent-modules": "0.0.14"
      },
      "dependencies": {
        "exiftool.pl": {
          "version": "10.53.0",
          "resolved": "https://registry.npmjs.org/exiftool.pl/-/exiftool.pl-10.53.0.tgz",
          "integrity": "sha1-Y8FkazrQrtHOExPXtdB9pNexPYQ=",
          "dev": true,
          "optional": true
        }
      }
    },
    "exiftool-context": {
      "version": "1.4.0",
      "resolved": "https://registry.npmjs.org/exiftool-context/-/exiftool-context-1.4.0.tgz",
      "integrity": "sha1-VI9TL+lBd3kUTTSus9DCCMISrHg=",
      "dev": true,
      "requires": {
        "dist-exiftool": "10.53.0",
        "makepromise": "1.0.0",
        "node-exiftool": "2.1.5",
        "wrote": "0.2.0"
      },
      "dependencies": {
        "wrote": {
          "version": "0.2.0",
          "resolved": "https://registry.npmjs.org/wrote/-/wrote-0.2.0.tgz",
          "integrity": "sha1-373r4mHFuHcqi46YcCMXBy7IetA=",
          "dev": true,
          "requires": {
            "makepromise": "^1.0.0"
          }
        }
      }
    },
    "exiftool.exe": {
      "version": "10.53.0",
      "resolved": "https://registry.npmjs.org/exiftool.exe/-/exiftool.exe-10.53.0.tgz",
      "integrity": "sha1-IrHOYPuNtYlGnRqlsKH+CaNbxFQ=",
      "dev": true,
      "optional": true
    },
    "is-stream": {
      "version": "1.1.0",
      "resolved": "https://registry.npmjs.org/is-stream/-/is-stream-1.1.0.tgz",
      "integrity": "sha1-EtSj3U5o4Lec6428hBc66A2RykQ="
    },
    "is-windows": {
      "version": "1.0.2",
      "resolved": "https://registry.npmjs.org/is-windows/-/is-windows-1.0.2.tgz",
      "integrity": "sha512-eXK1UInq2bPmjyX6e3VHIzMLobc4J94i4AWn+Hpq3OU5KkrRC96OAcR3PRJ/pGu6m8TRnBHP9dkXQVsT/COVIA==",
      "dev": true
    },
    "isexe": {
      "version": "2.0.0",
      "resolved": "https://registry.npmjs.org/isexe/-/isexe-2.0.0.tgz",
      "integrity": "sha1-6PvzdNxVb/iUehDcsFctYz8s+hA=",
      "dev": true
    },
    "lru-cache": {
      "version": "4.1.5",
      "resolved": "https://registry.npmjs.org/lru-cache/-/lru-cache-4.1.5.tgz",
      "integrity": "sha512-sWZlbEP2OsHNkXrMl5GYk/jKk70MBng6UU4YI/qGDYbgf6YbP4EvmqISbXCoJiRKs+1bSpFHVgQxvJ17F2li5g==",
      "dev": true,
      "requires": {
        "pseudomap": "^1.0.2",
        "yallist": "^2.1.2"
      }
    },
    "makepromise": {
      "version": "1.0.0",
      "resolved": "https://registry.npmjs.org/makepromise/-/makepromise-1.0.0.tgz",
      "integrity": "sha1-vGu2o+Bv1wbfUcKSO2k2+r1wqn8="
    },
    "node-exiftool": {
      "version": "2.1.5",
      "resolved": "https://registry.npmjs.org/node-exiftool/-/node-exiftool-2.1.5.tgz",
      "integrity": "sha1-c1lQhFWg458DvCEWx3U3V+5wvtY=",
      "dev": true,
      "requires": {
        "restream": "1.0.1"
      },
      "dependencies": {
        "restream": {
          "version": "1.0.1",
          "resolved": "https://registry.npmjs.org/restream/-/restream-1.0.1.tgz",
          "integrity": "sha1-d4GvBK0XvhQx8WCdgOhIH4EQCyQ=",
          "dev": true
        }
      }
    },
    "platform-dependent-modules": {
      "version": "0.0.14",
      "resolved": "https://registry.npmjs.org/platform-dependent-modules/-/platform-dependent-modules-0.0.14.tgz",
      "integrity": "sha1-PFPQQV2BziLc/eFWZdDP1UHUFhc=",
      "dev": true
    },
    "prettier": {
      "version": "2.1.2",
      "resolved": "https://registry.npmjs.org/prettier/-/prettier-2.1.2.tgz",
      "integrity": "sha512-16c7K+x4qVlJg9rEbXl7HEGmQyZlG4R9AgP+oHKRMsMsuk8s+ATStlf1NpDqyBI1HpVyfjLOeMhH2LvuNvV5Vg==",
      "dev": true
    },
    "promto": {
      "version": "1.0.1",
      "resolved": "https://registry.npmjs.org/promto/-/promto-1.0.1.tgz",
      "integrity": "sha1-Chafx72PSM7x7p+urOYaEAMFpTY=",
      "dev": true
    },
    "ps-node": {
      "version": "0.1.6",
      "resolved": "https://registry.npmjs.org/ps-node/-/ps-node-0.1.6.tgz",
      "integrity": "sha1-mvZ6mdex0BMuUaUDCZ04qNKs4sM=",
      "dev": true,
      "requires": {
        "table-parser": "^0.1.3"
      }
    },
    "pseudomap": {
      "version": "1.0.2",
      "resolved": "https://registry.npmjs.org/pseudomap/-/pseudomap-1.0.2.tgz",
      "integrity": "sha1-8FKijacOYYkX7wqKw0wa5aaChrM=",
      "dev": true
    },
    "restream": {
      "version": "1.2.0",
      "resolved": "https://registry.npmjs.org/restream/-/restream-1.2.0.tgz",
      "integrity": "sha1-/ROwMaVOgMxl0YeMQxSfGzpA77s="
    },
    "shebang-command": {
      "version": "1.2.0",
      "resolved": "https://registry.npmjs.org/shebang-command/-/shebang-command-1.2.0.tgz",
      "integrity": "sha1-RKrGW2lbAzmJaMOfNj/uXer98eo=",
      "dev": true,
      "requires": {
        "shebang-regex": "^1.0.0"
      }
    },
    "shebang-regex": {
      "version": "1.0.0",
      "resolved": "https://registry.npmjs.org/shebang-regex/-/shebang-regex-1.0.0.tgz",
      "integrity": "sha1-2kL0l0DAtC2yypcoVxyxkMmO/qM=",
      "dev": true
    },
    "spawncommand": {
      "version": "1.1.0",
      "resolved": "https://registry.npmjs.org/spawncommand/-/spawncommand-1.1.0.tgz",
      "integrity": "sha1-gKVu08Bqs7kWQ88/bO84v1gv2xU=",
      "dev": true,
      "requires": {
        "catchment": "^1.0.0"
      }
    },
    "table-parser": {
      "version": "0.1.3",
      "resolved": "https://registry.npmjs.org/table-parser/-/table-parser-0.1.3.tgz",
      "integrity": "sha1-BEHPzhallIFoTCfRtaZ/8VpDx7A=",
      "dev": true,
      "requires": {
        "connected-domain": "^1.0.0"
      }
    },
    "which": {
      "version": "1.3.1",
      "resolved": "https://registry.npmjs.org/which/-/which-1.3.1.tgz",
      "integrity": "sha512-HxJdYWq1MTIQbJ3nw0cqssHoTNU267KlrDuGZ1WYlxDStUtKUhOaJmh112/TZmHxxUfuJqPXSOm7tDyas0OSIQ==",
      "dev": true,
      "requires": {
        "isexe": "^2.0.0"
      }
    },
    "wrote": {
      "version": "0.6.1",
      "resolved": "https://registry.npmjs.org/wrote/-/wrote-0.6.1.tgz",
      "integrity": "sha1-7/Ee/dbxhCSnC66i30Mirzdbj74=",
      "requires": {
        "catchment": "1.0.0",
        "makepromise": "1.0.0"
      }
    },
    "yallist": {
      "version": "2.1.2",
      "resolved": "https://registry.npmjs.org/yallist/-/yallist-2.1.2.tgz",
      "integrity": "sha1-HBH5IY8HYImkfdUS+TxmmaaoHVI=",
      "dev": true
    },
    "zoroaster": {
      "version": "0.4.6",
      "resolved": "https://registry.npmjs.org/zoroaster/-/zoroaster-0.4.6.tgz",
      "integrity": "sha1-ZDs+EFxBmxbgp0CBdImHXREbYfM=",
      "dev": true,
      "requires": {
        "catchment": "1.0.0",
        "clean-stack": "1.0.0",
        "promto": "1.0.1",
        "spawncommand": "1.1.0"
      }
    }
  }
}
